# This file was autogenerated by Stack.
# You should not edit this file by hand.
# For more information, please see the documentation at:
#   https://docs.haskellstack.org/en/stable/topics/lock_files

packages: []
snapshots:
- completed:
    sha256: f0c7aa9d05a12a62ad574009bf39e50c2dafb1c10218079b4e9d9cf20a9a7cb0
    size: 637508
    url: https://raw.githubusercontent.com/commercialhaskell/stackage-snapshots/master/nightly/2025/2/1.yaml
  original: nightly-2025-02-01
